
Microsoft Visual Studio Solution File, Format Version 12.00
# Visual Studio Version 16
VisualStudioVersion = 16.0.30717.126
MinimumVisualStudioVersion = 10.0.40219.1
Project("{9A19103F-16F7-4668-BE54-9A1E7A4F7556}") = "Degiskenler", "Degiskenler\Degiskenler.csproj", "{62A79FE8-A3E2-4774-80E8-F2AF4383460A}"
EndProject
Project("{9A19103F-16F7-4668-BE54-9A1E7A4F7556}") = "Operatorler", "Operatorler\Operatorler.csproj", "{5565D59F-BE8E-4820-96E8-6005F453207A}"
EndProject
Project("{9A19103F-16F7-4668-BE54-9A1E7A4F7556}") = "TipDonusumleri", "TipDonusumleri\TipDonusumleri.csproj", "{E9DAF458-AD42-4B2A-A311-A958BF3F4E94}"
EndProject
Project("{9A19103F-16F7-4668-BE54-9A1E7A4F7556}") = "HataYonetimi", "HataYonetimi\HataYonetimi.csproj", "{F36DF080-CDC6-4EF2-99AF-F1D91E9FA776}"
EndProject
Project("{9A19103F-16F7-4668-BE54-9A1E7A4F7556}") = "IfElseIf", "IfElseIf\IfElseIf.csproj", "{3F13D058-98A2-449F-8B58-7D39147A80D5}"
EndProject
Project("{9A19103F-16F7-4668-BE54-9A1E7A4F7556}") = "SwitchCase", "SwitchCase\SwitchCase.csproj", "{BAE1B6CA-13C4-47DC-A6C1-4865523BDA95}"
EndProject
Project("{9A19103F-16F7-4668-BE54-9A1E7A4F7556}") = "DongulerForLoop", "DongulerForLoop\DongulerForLoop.csproj", "{237C6900-D691-4B10-9D91-7AAD4A4D44B5}"
EndProject
Project("{9A19103F-16F7-4668-BE54-9A1E7A4F7556}") = "DongulerWhileForeach", "DongulerWhileForeach\DongulerWhileForeach.csproj", "{61046889-0307-4869-B63B-2D9AEE966F50}"
EndProject
Project("{9A19103F-16F7-4668-BE54-9A1E7A4F7556}") = "Diziler", "Diziler\Diziler.csproj", "{8264B064-65A1-48DD-9F5D-CB3EAD1CB481}"
EndProject
Project("{9A19103F-16F7-4668-BE54-9A1E7A4F7556}") = "DizilerArraySinifi", "DizilerArraySinifi\DizilerArraySinifi.csproj", "{660535DB-57AD-4E60-98E5-C09A18D6A4AB}"
EndProject
Project("{9A19103F-16F7-4668-BE54-9A1E7A4F7556}") = "Metotlar", "Metotlar\Metotlar.csproj", "{B03213DD-6E92-4C2B-B5F6-5FAD09DAABA3}"
EndProject
Project("{9A19103F-16F7-4668-BE54-9A1E7A4F7556}") = "MetotlarOverloading", "MetotlarOverloading\MetotlarOverloading.csproj", "{8E048825-3D84-4961-AC34-25C3A6D8A8B8}"
EndProject
Project("{9A19103F-16F7-4668-BE54-9A1E7A4F7556}") = "RecursiveExtensionMetotlar", "RecursiveExtensionMetotlar\RecursiveExtensionMetotlar.csproj", "{D82CB595-AF3A-477E-9816-57E9BAC2B053}"
EndProject
Project("{9A19103F-16F7-4668-BE54-9A1E7A4F7556}") = "AlgoritmaSorulari", "AlgoritmaSorulari\AlgoritmaSorulari.csproj", "{C95CD17C-A513-4DE4-80C4-695F395F12CE}"
EndProject
Project("{FAE04EC0-301F-11D3-BF4B-00C04F79EFBC}") = "HazırMetotlarString", "HazırMetotlarString\HazırMetotlarString.csproj", "{078E6ED1-54C6-48C3-8D5D-037B483CEF2F}"
EndProject
Project("{FAE04EC0-301F-11D3-BF4B-00C04F79EFBC}") = "HazirMetotlarDateTimeMath", "HazirMetotlarDateTimeMath\HazirMetotlarDateTimeMath.csproj", "{087EC3B6-50CF-4CB0-A1BF-3BA26EEABF63}"
EndProject
Global
	GlobalSection(SolutionConfigurationPlatforms) = preSolution
		Debug|Any CPU = Debug|Any CPU
		Release|Any CPU = Release|Any CPU
	EndGlobalSection
	GlobalSection(ProjectConfigurationPlatforms) = postSolution
		{62A79FE8-A3E2-4774-80E8-F2AF4383460A}.Debug|Any CPU.ActiveCfg = Debug|Any CPU
		{62A79FE8-A3E2-4774-80E8-F2AF4383460A}.Debug|Any CPU.Build.0 = Debug|Any CPU
		{62A79FE8-A3E2-4774-80E8-F2AF4383460A}.Release|Any CPU.ActiveCfg = Release|Any CPU
		{62A79FE8-A3E2-4774-80E8-F2AF4383460A}.Release|Any CPU.Build.0 = Release|Any CPU
		{5565D59F-BE8E-4820-96E8-6005F453207A}.Debug|Any CPU.ActiveCfg = Debug|Any CPU
		{5565D59F-BE8E-4820-96E8-6005F453207A}.Debug|Any CPU.Build.0 = Debug|Any CPU
		{5565D59F-BE8E-4820-96E8-6005F453207A}.Release|Any CPU.ActiveCfg = Release|Any CPU
		{5565D59F-BE8E-4820-96E8-6005F453207A}.Release|Any CPU.Build.0 = Release|Any CPU
		{E9DAF458-AD42-4B2A-A311-A958BF3F4E94}.Debug|Any CPU.ActiveCfg = Debug|Any CPU
		{E9DAF458-AD42-4B2A-A311-A958BF3F4E94}.Debug|Any CPU.Build.0 = Debug|Any CPU
		{E9DAF458-AD42-4B2A-A311-A958BF3F4E94}.Release|Any CPU.ActiveCfg = Release|Any CPU
		{E9DAF458-AD42-4B2A-A311-A958BF3F4E94}.Release|Any CPU.Build.0 = Release|Any CPU
		{F36DF080-CDC6-4EF2-99AF-F1D91E9FA776}.Debug|Any CPU.ActiveCfg = Debug|Any CPU
		{F36DF080-CDC6-4EF2-99AF-F1D91E9FA776}.Debug|Any CPU.Build.0 = Debug|Any CPU
		{F36DF080-CDC6-4EF2-99AF-F1D91E9FA776}.Release|Any CPU.ActiveCfg = Release|Any CPU
		{F36DF080-CDC6-4EF2-99AF-F1D91E9FA776}.Release|Any CPU.Build.0 = Release|Any CPU
		{3F13D058-98A2-449F-8B58-7D39147A80D5}.Debug|Any CPU.ActiveCfg = Debug|Any CPU
		{3F13D058-98A2-449F-8B58-7D39147A80D5}.Debug|Any CPU.Build.0 = Debug|Any CPU
		{3F13D058-98A2-449F-8B58-7D39147A80D5}.Release|Any CPU.ActiveCfg = Release|Any CPU
		{3F13D058-98A2-449F-8B58-7D39147A80D5}.Release|Any CPU.Build.0 = Release|Any CPU
		{BAE1B6CA-13C4-47DC-A6C1-4865523BDA95}.Debug|Any CPU.ActiveCfg = Debug|Any CPU
		{BAE1B6CA-13C4-47DC-A6C1-4865523BDA95}.Debug|Any CPU.Build.0 = Debug|Any CPU
		{BAE1B6CA-13C4-47DC-A6C1-4865523BDA95}.Release|Any CPU.ActiveCfg = Release|Any CPU
		{BAE1B6CA-13C4-47DC-A6C1-4865523BDA95}.Release|Any CPU.Build.0 = Release|Any CPU
		{237C6900-D691-4B10-9D91-7AAD4A4D44B5}.Debug|Any CPU.ActiveCfg = Debug|Any CPU
		{237C6900-D691-4B10-9D91-7AAD4A4D44B5}.Debug|Any CPU.Build.0 = Debug|Any CPU
		{237C6900-D691-4B10-9D91-7AAD4A4D44B5}.Release|Any CPU.ActiveCfg = Release|Any CPU
		{237C6900-D691-4B10-9D91-7AAD4A4D44B5}.Release|Any CPU.Build.0 = Release|Any CPU
		{61046889-0307-4869-B63B-2D9AEE966F50}.Debug|Any CPU.ActiveCfg = Debug|Any CPU
		{61046889-0307-4869-B63B-2D9AEE966F50}.Debug|Any CPU.Build.0 = Debug|Any CPU
		{61046889-0307-4869-B63B-2D9AEE966F50}.Release|Any CPU.ActiveCfg = Release|Any CPU
		{61046889-0307-4869-B63B-2D9AEE966F50}.Release|Any CPU.Build.0 = Release|Any CPU
		{8264B064-65A1-48DD-9F5D-CB3EAD1CB481}.Debug|Any CPU.ActiveCfg = Debug|Any CPU
		{8264B064-65A1-48DD-9F5D-CB3EAD1CB481}.Debug|Any CPU.Build.0 = Debug|Any CPU
		{8264B064-65A1-48DD-9F5D-CB3EAD1CB481}.Release|Any CPU.ActiveCfg = Release|Any CPU
		{8264B064-65A1-48DD-9F5D-CB3EAD1CB481}.Release|Any CPU.Build.0 = Release|Any CPU
		{660535DB-57AD-4E60-98E5-C09A18D6A4AB}.Debug|Any CPU.ActiveCfg = Debug|Any CPU
		{660535DB-57AD-4E60-98E5-C09A18D6A4AB}.Debug|Any CPU.Build.0 = Debug|Any CPU
		{660535DB-57AD-4E60-98E5-C09A18D6A4AB}.Release|Any CPU.ActiveCfg = Release|Any CPU
		{660535DB-57AD-4E60-98E5-C09A18D6A4AB}.Release|Any CPU.Build.0 = Release|Any CPU
		{B03213DD-6E92-4C2B-B5F6-5FAD09DAABA3}.Debug|Any CPU.ActiveCfg = Debug|Any CPU
		{B03213DD-6E92-4C2B-B5F6-5FAD09DAABA3}.Debug|Any CPU.Build.0 = Debug|Any CPU
		{B03213DD-6E92-4C2B-B5F6-5FAD09DAABA3}.Release|Any CPU.ActiveCfg = Release|Any CPU
		{B03213DD-6E92-4C2B-B5F6-5FAD09DAABA3}.Release|Any CPU.Build.0 = Release|Any CPU
		{8E048825-3D84-4961-AC34-25C3A6D8A8B8}.Debug|Any CPU.ActiveCfg = Debug|Any CPU
		{8E048825-3D84-4961-AC34-25C3A6D8A8B8}.Debug|Any CPU.Build.0 = Debug|Any CPU
		{8E048825-3D84-4961-AC34-25C3A6D8A8B8}.Release|Any CPU.ActiveCfg = Release|Any CPU
		{8E048825-3D84-4961-AC34-25C3A6D8A8B8}.Release|Any CPU.Build.0 = Release|Any CPU
		{D82CB595-AF3A-477E-9816-57E9BAC2B053}.Debug|Any CPU.ActiveCfg = Debug|Any CPU
		{D82CB595-AF3A-477E-9816-57E9BAC2B053}.Debug|Any CPU.Build.0 = Debug|Any CPU
		{D82CB595-AF3A-477E-9816-57E9BAC2B053}.Release|Any CPU.ActiveCfg = Release|Any CPU
		{D82CB595-AF3A-477E-9816-57E9BAC2B053}.Release|Any CPU.Build.0 = Release|Any CPU
		{C95CD17C-A513-4DE4-80C4-695F395F12CE}.Debug|Any CPU.ActiveCfg = Debug|Any CPU
		{C95CD17C-A513-4DE4-80C4-695F395F12CE}.Debug|Any CPU.Build.0 = Debug|Any CPU
		{C95CD17C-A513-4DE4-80C4-695F395F12CE}.Release|Any CPU.ActiveCfg = Release|Any CPU
		{C95CD17C-A513-4DE4-80C4-695F395F12CE}.Release|Any CPU.Build.0 = Release|Any CPU
		{078E6ED1-54C6-48C3-8D5D-037B483CEF2F}.Debug|Any CPU.ActiveCfg = Debug|Any CPU
		{078E6ED1-54C6-48C3-8D5D-037B483CEF2F}.Debug|Any CPU.Build.0 = Debug|Any CPU
		{078E6ED1-54C6-48C3-8D5D-037B483CEF2F}.Release|Any CPU.ActiveCfg = Release|Any CPU
		{078E6ED1-54C6-48C3-8D5D-037B483CEF2F}.Release|Any CPU.Build.0 = Release|Any CPU
		{087EC3B6-50CF-4CB0-A1BF-3BA26EEABF63}.Debug|Any CPU.ActiveCfg = Debug|Any CPU
		{087EC3B6-50CF-4CB0-A1BF-3BA26EEABF63}.Debug|Any CPU.Build.0 = Debug|Any CPU
		{087EC3B6-50CF-4CB0-A1BF-3BA26EEABF63}.Release|Any CPU.ActiveCfg = Release|Any CPU
		{087EC3B6-50CF-4CB0-A1BF-3BA26EEABF63}.Release|Any CPU.Build.0 = Release|Any CPU
	EndGlobalSection
	GlobalSection(SolutionProperties) = preSolution
		HideSolutionNode = FALSE
	EndGlobalSection
	GlobalSection(ExtensibilityGlobals) = postSolution
		SolutionGuid = {0316FC07-C73F-48D0-B797-235FCCBB4F4F}
	EndGlobalSection
EndGlobal
